{
  "name": "empty-project-template",
  "requires": true,
  "lockfileVersion": 1,
  "dependencies": {
    "react-native-simple-radio-button": {
      "version": "2.7.3",
      "resolved": "https://registry.npmjs.org/react-native-simple-radio-button/-/react-native-simple-radio-button-2.7.3.tgz",
      "integrity": "sha512-kiYRarFj7PXzV9fbQwMBiYwS4YnhrR4NZGT68atlFIoNFxZLrt5OMCDqXZqu6R6bUWKLndzPpO/nhXc6/OU1Mg=="
    }
  }
}
